
Microsoft Visual Studio Solution File, Format Version 12.00
# Visual Studio 15
Project("{FAE04EC0-301F-11D3-BF4B-00C04F79EFBC}") = "ASPStepByStep", "ASPStepByStep\ASPStepByStep.csproj", "{18662DE4-5E75-4918-B3AE-AA3B1224E153}"
EndProject
Project("{FAE04EC0-301F-11D3-BF4B-00C04F79EFBC}") = "ASPStepByStep.Tests", "ASPStepByStep.Tests\ASPStepByStep.Tests.csproj", "{66BD9182-3DA8-442C-A798-A6E0531929C7}"
EndProject
Global
	GlobalSection(SolutionConfigurationPlatforms) = preSolution
		Debug|Any CPU = Debug|Any CPU
		Release|Any CPU = Release|Any CPU
	EndGlobalSection
	GlobalSection(ProjectConfigurationPlatforms) = postSolution
		{18662DE4-5E75-4918-B3AE-AA3B1224E153}.Debug|Any CPU.ActiveCfg = Debug|Any CPU
		{18662DE4-5E75-4918-B3AE-AA3B1224E153}.Debug|Any CPU.Build.0 = Debug|Any CPU
		{18662DE4-5E75-4918-B3AE-AA3B1224E153}.Release|Any CPU.ActiveCfg = Release|Any CPU
		{18662DE4-5E75-4918-B3AE-AA3B1224E153}.Release|Any CPU.Build.0 = Release|Any CPU
		{66BD9182-3DA8-442C-A798-A6E0531929C7}.Debug|Any CPU.ActiveCfg = Debug|Any CPU
		{66BD9182-3DA8-442C-A798-A6E0531929C7}.Debug|Any CPU.Build.0 = Debug|Any CPU
		{66BD9182-3DA8-442C-A798-A6E0531929C7}.Release|Any CPU.ActiveCfg = Release|Any CPU
		{66BD9182-3DA8-442C-A798-A6E0531929C7}.Release|Any CPU.Build.0 = Release|Any CPU
	EndGlobalSection
EndGlobal
